// !$*UTF8*$!
{
	archiveVersion = 1;
	classes = {
	};
	objectVersion = 46;
	objects = {

/* Begin PBXBuildFile section */
		85CCD1641D926D8400E9DF7B /* AppDelegate.swift in Sources */ = {isa = PBXBuildFile; fileRef = 85CCD1631D926D8400E9DF7B /* AppDelegate.swift */; };
		85CCD1661D926D8400E9DF7B /* ViewController.swift in Sources */ = {isa = PBXBuildFile; fileRef = 85CCD1651D926D8400E9DF7B /* ViewController.swift */; };
		85CCD1691D926D8500E9DF7B /* Main.storyboard in Resources */ = {isa = PBXBuildFile; fileRef = 85CCD1671D926D8500E9DF7B /* Main.storyboard */; };
		85CCD16B1D926D8500E9DF7B /* Assets.xcassets in Resources */ = {isa = PBXBuildFile; fileRef = 85CCD16A1D926D8500E9DF7B /* Assets.xcassets */; };
		85CCD16E1D926D8500E9DF7B /* LaunchScreen.storyboard in Resources */ = {isa = PBXBuildFile; fileRef = 85CCD16C1D926D8500E9DF7B /* LaunchScreen.storyboard */; };
		85CCD1791D926D8500E9DF7B /* FoodTrackerTests.swift in Sources */ = {isa = PBXBuildFile; fileRef = 85CCD1781D926D8500E9DF7B /* FoodTrackerTests.swift */; };
		85CCD1841D926D8500E9DF7B /* FoodTrackerUITests.swift in Sources */ = {isa = PBXBuildFile; fileRef = 85CCD1831D926D8500E9DF7B /* FoodTrackerUITests.swift */; };
/* End PBXBuildFile section */

/* Begin PBXContainerItemProxy section */
		85CCD1751D926D8500E9DF7B /* PBXContainerItemProxy */ = {
			isa = PBXContainerItemProxy;
			containerPortal = 85CCD1581D926D8300E9DF7B /* Project object */;
			proxyType = 1;
			remoteGlobalIDString = 85CCD15F1D926D8300E9DF7B;
			remoteInfo = FoodTracker;
		};
		85CCD1801D926D8500E9DF7B /* PBXContainerItemProxy */ = {
			isa = PBXContainerItemProxy;
			containerPortal = 85CCD1581D926D8300E9DF7B /* Project object */;
			proxyType = 1;
			remoteGlobalIDString = 85CCD15F1D926D8300E9DF7B;
			remoteInfo = FoodTracker;
		};
/* End PBXContainerItemProxy section */

/* Begin PBXFileReference section */
		85CCD1601D926D8400E9DF7B /* FoodTracker.app */ = {isa = PBXFileReference; explicitFileType = wrapper.application; includeInIndex = 0; path = FoodTracker.app; sourceTree = BUILT_PRODUCTS_DIR; };
		85CCD1631D926D8400E9DF7B /* AppDelegate.swift */ = {isa = PBXFileReference; lastKnownFileType = sourcecode.swift; path = AppDelegate.swift; sourceTree = "<group>"; };
		85CCD1651D926D8400E9DF7B /* ViewController.swift */ = {isa = PBXFileReference; lastKnownFileType = sourcecode.swift; path = ViewController.swift; sourceTree = "<group>"; };
		85CCD1681D926D8500E9DF7B /* Base */ = {isa = PBXFileReference; lastKnownFileType = file.storyboard; name = Base; path = Base.lproj/Main.storyboard; sourceTree = "<group>"; };
		85CCD16A1D926D8500E9DF7B /* Assets.xcassets */ = {isa = PBXFileReference; lastKnownFileType = folder.assetcatalog; path = Assets.xcassets; sourceTree = "<group>"; };
		85CCD16D1D926D8500E9DF7B /* Base */ = {isa = PBXFileReference; lastKnownFileType = file.storyboard; name = Base; path = Base.lproj/LaunchScreen.storyboard; sourceTree = "<group>"; };
		85CCD16F1D926D8500E9DF7B /* Info.plist */ = {isa = PBXFileReference; lastKnownFileType = text.plist.xml; path = Info.plist; sourceTree = "<group>"; };
		85CCD1741D926D8500E9DF7B /* FoodTrackerTests.xctest */ = {isa = PBXFileReference; explicitFileType = wrapper.cfbundle; includeInIndex = 0; path = FoodTrackerTests.xctest; sourceTree = BUILT_PRODUCTS_DIR; };
		85CCD1781D926D8500E9DF7B /* FoodTrackerTests.swift */ = {isa = PBXFileReference; lastKnownFileType = sourcecode.swift; path = FoodTrackerTests.swift; sourceTree = "<group>"; };
		85CCD17A1D926D8500E9DF7B /* Info.plist */ = {isa = PBXFileReference; lastKnownFileType = text.plist.xml; path = Info.plist; sourceTree = "<group>"; };
		85CCD17F1D926D8500E9DF7B /* FoodTrackerUITests.xctest */ = {isa = PBXFileReference; explicitFileType = wrapper.cfbundle; includeInIndex = 0; path = FoodTrackerUITests.xctest; sourceTree = BUILT_PRODUCTS_DIR; };
		85CCD1831D926D8500E9DF7B /* FoodTrackerUITests.swift */ = {isa = PBXFileReference; lastKnownFileType = sourcecode.swift; path = FoodTrackerUITests.swift; sourceTree = "<group>"; };
		85CCD1851D926D8500E9DF7B /* Info.plist */ = {isa = PBXFileReference; lastKnownFileType = text.plist.xml; path = Info.plist; sourceTree = "<group>"; };
/* End PBXFileReference section */

/* Begin PBXFrameworksBuildPhase section */
		85CCD15D1D926D8300E9DF7B /* Frameworks */ = {
			isa = PBXFrameworksBuildPhase;
			buildActionMask = 2147483647;
			files = (
			);
			runOnlyForDeploymentPostprocessing = 0;
		};
		85CCD1711D926D8500E9DF7B /* Frameworks */ = {
			isa = PBXFrameworksBuildPhase;
			buildActionMask = 2147483647;
			files = (
			);
			runOnlyForDeploymentPostprocessing = 0;
		};
		85CCD17C1D926D8500E9DF7B /* Frameworks */ = {
			isa = PBXFrameworksBuildPhase;
			buildActionMask = 2147483647;
			files = (
			);
			runOnlyForDeploymentPostprocessing = 0;
		};
/* End PBXFrameworksBuildPhase section */

/* Begin PBXGroup section */
		85CCD1571D926D8300E9DF7B = {
			isa = PBXGroup;
			children = (
				85CCD1621D926D8400E9DF7B /* FoodTracker */,
				85CCD1771D926D8500E9DF7B /* FoodTrackerTests */,
				85CCD1821D926D8500E9DF7B /* FoodTrackerUITests */,
				85CCD1611D926D8400E9DF7B /* Products */,
			);
			sourceTree = "<group>";
		};
		85CCD1611D926D8400E9DF7B /* Products */ = {
			isa = PBXGroup;
			children = (
				85CCD1601D926D8400E9DF7B /* FoodTracker.app */,
				85CCD1741D926D8500E9DF7B /* FoodTrackerTests.xctest */,
				85CCD17F1D926D8500E9DF7B /* FoodTrackerUITests.xctest */,
			);
			name = Products;
			sourceTree = "<group>";
		};
		85CCD1621D926D8400E9DF7B /* FoodTracker */ = {
			isa = PBXGroup;
			children = (
				85CCD1631D926D8400E9DF7B /* AppDelegate.swift */,
				85CCD1651D926D8400E9DF7B /* ViewController.swift */,
				85CCD1671D926D8500E9DF7B /* Main.storyboard */,
				85CCD16A1D926D8500E9DF7B /* Assets.xcassets */,
				85CCD16C1D926D8500E9DF7B /* LaunchScreen.storyboard */,
				85CCD16F1D926D8500E9DF7B /* Info.plist */,
			);
			path = FoodTracker;
			sourceTree = "<group>";
		};
		85CCD1771D926D8500E9DF7B /* FoodTrackerTests */ = {
			isa = PBXGroup;
			children = (
				85CCD1781D926D8500E9DF7B /* FoodTrackerTests.swift */,
				85CCD17A1D926D8500E9DF7B /* Info.plist */,
			);
			path = FoodTrackerTests;
			sourceTree = "<group>";
		};
		85CCD1821D926D8500E9DF7B /* FoodTrackerUITests */ = {
			isa = PBXGroup;
			children = (
				85CCD1831D926D8500E9DF7B /* FoodTrackerUITests.swift */,
				85CCD1851D926D8500E9DF7B /* Info.plist */,
			);
			path = FoodTrackerUITests;
			sourceTree = "<group>";
		};
/* End PBXGroup section */

/* Begin PBXNativeTarget section */
		85CCD15F1D926D8300E9DF7B /* FoodTracker */ = {
			isa = PBXNativeTarget;
			buildConfigurationList = 85CCD1881D926D8500E9DF7B /* Build configuration list for PBXNativeTarget "FoodTracker" */;
			buildPhases = (
				85CCD15C1D926D8300E9DF7B /* Sources */,
				85CCD15D1D926D8300E9DF7B /* Frameworks */,
				85CCD15E1D926D8300E9DF7B /* Resources */,
			);
			buildRules = (
			);
			dependencies = (
			);
			name = FoodTracker;
			productName = FoodTracker;
			productReference = 85CCD1601D926D8400E9DF7B /* FoodTracker.app */;
			productType = "com.apple.product-type.application";
		};
		85CCD1731D926D8500E9DF7B /* FoodTrackerTests */ = {
			isa = PBXNativeTarget;
			buildConfigurationList = 85CCD18B1D926D8500E9DF7B /* Build configuration list for PBXNativeTarget "FoodTrackerTests" */;
			buildPhases = (
				85CCD1701D926D8500E9DF7B /* Sources */,
				85CCD1711D926D8500E9DF7B /* Frameworks */,
				85CCD1721D926D8500E9DF7B /* Resources */,
			);
			buildRules = (
			);
			dependencies = (
				85CCD1761D926D8500E9DF7B /* PBXTargetDependency */,
			);
			name = FoodTrackerTests;
			productName = FoodTrackerTests;
			productReference = 85CCD1741D926D8500E9DF7B /* FoodTrackerTests.xctest */;
			productType = "com.apple.product-type.bundle.unit-test";
		};
		85CCD17E1D926D8500E9DF7B /* FoodTrackerUITests */ = {
			isa = PBXNativeTarget;
			buildConfigurationList = 85CCD18E1D926D8500E9DF7B /* Build configuration list for PBXNativeTarget "FoodTrackerUITests" */;
			buildPhases = (
				85CCD17B1D926D8500E9DF7B /* Sources */,
				85CCD17C1D926D8500E9DF7B /* Frameworks */,
				85CCD17D1D926D8500E9DF7B /* Resources */,
			);
			buildRules = (
			);
			dependencies = (
				85CCD1811D926D8500E9DF7B /* PBXTargetDependency */,
			);
			name = FoodTrackerUITests;
			productName = FoodTrackerUITests;
			productReference = 85CCD17F1D926D8500E9DF7B /* FoodTrackerUITests.xctest */;
			productType = "com.apple.product-type.bundle.ui-testing";
		};
/* End PBXNativeTarget section */

/* Begin PBXProject section */
		85CCD1581D926D8300E9DF7B /* Project object */ = {
			isa = PBXProject;
			attributes = {
				LastSwiftUpdateCheck = 0800;
				LastUpgradeCheck = 0800;
				ORGANIZATIONNAME = "John Franklin";
				TargetAttributes = {
					85CCD15F1D926D8300E9DF7B = {
						CreatedOnToolsVersion = 8.0;
						ProvisioningStyle = Automatic;
					};
					85CCD1731D926D8500E9DF7B = {
						CreatedOnToolsVersion = 8.0;
						ProvisioningStyle = Automatic;
						TestTargetID = 85CCD15F1D926D8300E9DF7B;
					};
					85CCD17E1D926D8500E9DF7B = {
						CreatedOnToolsVersion = 8.0;
						ProvisioningStyle = Automatic;
						TestTargetID = 85CCD15F1D926D8300E9DF7B;
					};
				};
			};
			buildConfigurationList = 85CCD15B1D926D8300E9DF7B /* Build configuration list for PBXProject "FoodTracker" */;
			compatibilityVersion = "Xcode 3.2";
			developmentRegion = English;
			hasScannedForEncodings = 0;
			knownRegions = (
				en,
				Base,
			);
			mainGroup = 85CCD1571D926D8300E9DF7B;
			productRefGroup = 85CCD1611D926D8400E9DF7B /* Products */;
			projectDirPath = "";
			projectRoot = "";
			targets = (
				85CCD15F1D926D8300E9DF7B /* FoodTracker */,
				85CCD1731D926D8500E9DF7B /* FoodTrackerTests */,
				85CCD17E1D926D8500E9DF7B /* FoodTrackerUITests */,
			);
		};
/* End PBXProject section */

/* Begin PBXResourcesBuildPhase section */
		85CCD15E1D926D8300E9DF7B /* Resources */ = {
			isa = PBXResourcesBuildPhase;
			buildActionMask = 2147483647;
			files = (
				85CCD16E1D926D8500E9DF7B /* LaunchScreen.storyboard in Resources */,
				85CCD16B1D926D8500E9DF7B /* Assets.xcassets in Resources */,
				85CCD1691D926D8500E9DF7B /* Main.storyboard in Resources */,
			);
			runOnlyForDeploymentPostprocessing = 0;
		};
		85CCD1721D926D8500E9DF7B /* Resources */ = {
			isa = PBXResourcesBuildPhase;
			buildActionMask = 2147483647;
			files = (
			);
			runOnlyForDeploymentPostprocessing = 0;
		};
		85CCD17D1D926D8500E9DF7B /* Resources */ = {
			isa = PBXResourcesBuildPhase;
			buildActionMask = 2147483647;
			files = (
			);
			runOnlyForDeploymentPostprocessing = 0;
		};
/* End PBXResourcesBuildPhase section */

/* Begin PBXSourcesBuildPhase section */
		85CCD15C1D926D8300E9DF7B /* Sources */ = {
			isa = PBXSourcesBuildPhase;
			buildActionMask = 2147483647;
			files = (
				85CCD1661D926D8400E9DF7B /* ViewController.swift in Sources */,
				85CCD1641D926D8400E9DF7B /* AppDelegate.swift in Sources */,
			);
			runOnlyForDeploymentPostprocessing = 0;
		};
		85CCD1701D926D8500E9DF7B /* Sources */ = {
			isa = PBXSourcesBuildPhase;
			buildActionMask = 2147483647;
			files = (
				85CCD1791D926D8500E9DF7B /* FoodTrackerTests.swift in Sources */,
			);
			runOnlyForDeploymentPostprocessing = 0;
		};
		85CCD17B1D926D8500E9DF7B /* Sources */ = {
			isa = PBXSourcesBuildPhase;
			buildActionMask = 2147483647;
			files = (
				85CCD1841D926D8500E9DF7B /* FoodTrackerUITests.swift in Sources */,
			);
			runOnlyForDeploymentPostprocessing = 0;
		};
/* End PBXSourcesBuildPhase section */

/* Begin PBXTargetDependency section */
		85CCD1761D926D8500E9DF7B /* PBXTargetDependency */ = {
			isa = PBXTargetDependency;
			target = 85CCD15F1D926D8300E9DF7B /* FoodTracker */;
			targetProxy = 85CCD1751D926D8500E9DF7B /* PBXContainerItemProxy */;
		};
		85CCD1811D926D8500E9DF7B /* PBXTargetDependency */ = {
			isa = PBXTargetDependency;
			target = 85CCD15F1D926D8300E9DF7B /* FoodTracker */;
			targetProxy = 85CCD1801D926D8500E9DF7B /* PBXContainerItemProxy */;
		};
/* End PBXTargetDependency section */

/* Begin PBXVariantGroup section */
		85CCD1671D926D8500E9DF7B /* Main.storyboard */ = {
			isa = PBXVariantGroup;
			children = (
				85CCD1681D926D8500E9DF7B /* Base */,
			);
			name = Main.storyboard;
			sourceTree = "<group>";
		};
		85CCD16C1D926D8500E9DF7B /* LaunchScreen.storyboard */ = {
			isa = PBXVariantGroup;
			children = (
				85CCD16D1D926D8500E9DF7B /* Base */,
			);
			name = LaunchScreen.storyboard;
			sourceTree = "<group>";
		};
/* End PBXVariantGroup section */

/* Begin XCBuildConfiguration section */
		85CCD1861D926D8500E9DF7B /* Debug */ = {
			isa = XCBuildConfiguration;
			buildSettings = {
				ALWAYS_SEARCH_USER_PATHS = NO;
				CLANG_ANALYZER_NONNULL = YES;
				CLANG_CXX_LANGUAGE_STANDARD = "gnu++0x";
				CLANG_CXX_LIBRARY = "libc++";
				CLANG_ENABLE_MODULES = YES;
				CLANG_ENABLE_OBJC_ARC = YES;
				CLANG_WARN_BOOL_CONVERSION = YES;
				CLANG_WARN_CONSTANT_CONVERSION = YES;
				CLANG_WARN_DIRECT_OBJC_ISA_USAGE = YES_ERROR;
				CLANG_WARN_DOCUMENTATION_COMMENTS = YES;
				CLANG_WARN_EMPTY_BODY = YES;
				CLANG_WARN_ENUM_CONVERSION = YES;
				CLANG_WARN_INFINITE_RECURSION = YES;
				CLANG_WARN_INT_CONVERSION = YES;
				CLANG_WARN_OBJC_ROOT_CLASS = YES_ERROR;
				CLANG_WARN_SUSPICIOUS_MOVES = YES;
				CLANG_WARN_UNREACHABLE_CODE = YES;
				CLANG_WARN__DUPLICATE_METHOD_MATCH = YES;
				"CODE_SIGN_IDENTITY[sdk=iphoneos*]" = "iPhone Developer";
				COPY_PHASE_STRIP = NO;
				DEBUG_INFORMATION_FORMAT = dwarf;
				ENABLE_STRICT_OBJC_MSGSEND = YES;
				ENABLE_TESTABILITY = YES;
				GCC_C_LANGUAGE_STANDARD = gnu99;
				GCC_DYNAMIC_NO_PIC = NO;
				GCC_NO_COMMON_BLOCKS = YES;
				GCC_OPTIMIZATION_LEVEL = 0;
				GCC_PREPROCESSOR_DEFINITIONS = (
					"DEBUG=1",
					"$(inherited)",
				);
				GCC_WARN_64_TO_32_BIT_CONVERSION = YES;
				GCC_WARN_ABOUT_RETURN_TYPE = YES_ERROR;
				GCC_WARN_UNDECLARED_SELECTOR = YES;
				GCC_WARN_UNINITIALIZED_AUTOS = YES_AGGRESSIVE;
				GCC_WARN_UNUSED_FUNCTION = YES;
				GCC_WARN_UNUSED_VARIABLE = YES;
				IPHONEOS_DEPLOYMENT_TARGET = 10.0;
				MTL_ENABLE_DEBUG_INFO = YES;
				ONLY_ACTIVE_ARCH = YES;
				SDKROOT = iphoneos;
				SWIFT_ACTIVE_COMPILATION_CONDITIONS = DEBUG;
				SWIFT_OPTIMIZATION_LEVEL = "-Onone";
				TARGETED_DEVICE_FAMILY = "1,2";
			};
			name = Debug;
		};
		85CCD1871D926D8500E9DF7B /* Release */ = {
			isa = XCBuildConfiguration;
			buildSettings = {
				ALWAYS_SEARCH_USER_PATHS = NO;
				CLANG_ANALYZER_NONNULL = YES;
				CLANG_CXX_LANGUAGE_STANDARD = "gnu++0x";
				CLANG_CXX_LIBRARY = "libc++";
				CLANG_ENABLE_MODULES = YES;
				CLANG_ENABLE_OBJC_ARC = YES;
				CLANG_WARN_BOOL_CONVERSION = YES;
				CLANG_WARN_CONSTANT_CONVERSION = YES;
				CLANG_WARN_DIRECT_OBJC_ISA_USAGE = YES_ERROR;
				CLANG_WARN_DOCUMENTATION_COMMENTS = YES;
				CLANG_WARN_EMPTY_BODY = YES;
				CLANG_WARN_ENUM_CONVERSION = YES;
				CLANG_WARN_INFINITE_RECURSION = YES;
				CLANG_WARN_INT_CONVERSION = YES;
				CLANG_WARN_OBJC_ROOT_CLASS = YES_ERROR;
				CLANG_WARN_SUSPICIOUS_MOVES = YES;
				CLANG_WARN_UNREACHABLE_CODE = YES;
				CLANG_WARN__DUPLICATE_METHOD_MATCH = YES;
				"CODE_SIGN_IDENTITY[sdk=iphoneos*]" = "iPhone Developer";
				COPY_PHASE_STRIP = NO;
				DEBUG_INFORMATION_FORMAT = "dwarf-with-dsym";
				ENABLE_NS_ASSERTIONS = NO;
				ENABLE_STRICT_OBJC_MSGSEND = YES;
				GCC_C_LANGUAGE_STANDARD = gnu99;
				GCC_NO_COMMON_BLOCKS = YES;
				GCC_WARN_64_TO_32_BIT_CONVERSION = YES;
				GCC_WARN_ABOUT_RETURN_TYPE = YES_ERROR;
				GCC_WARN_UNDECLARED_SELECTOR = YES;
				GCC_WARN_UNINITIALIZED_AUTOS = YES_AGGRESSIVE;
				GCC_WARN_UNUSED_FUNCTION = YES;
				GCC_WARN_UNUSED_VARIABLE = YES;
				IPHONEOS_DEPLOYMENT_TARGET = 10.0;
				MTL_ENABLE_DEBUG_INFO = NO;
				SDKROOT = iphoneos;
				SWIFT_OPTIMIZATION_LEVEL = "-Owholemodule";
				TARGETED_DEVICE_FAMILY = "1,2";
				VALIDATE_PRODUCT = YES;
			};
			name = Release;
		};
		85CCD1891D926D8500E9DF7B /* Debug */ = {
			isa = XCBuildConfiguration;
			buildSettings = {
				ASSETCATALOG_COMPILER_APPICON_NAME = AppIcon;
				INFOPLIST_FILE = FoodTracker/Info.plist;
				LD_RUNPATH_SEARCH_PATHS = "$(inherited) @executable_path/Frameworks";
				PRODUCT_BUNDLE_IDENTIFIER = com.chaostrend.FoodTracker;
				PRODUCT_NAME = "$(TARGET_NAME)";
				SWIFT_VERSION = 3.0;
			};
			name = Debug;
		};
		85CCD18A1D926D8500E9DF7B /* Release */ = {
			isa = XCBuildConfiguration;
			buildSettings = {
				ASSETCATALOG_COMPILER_APPICON_NAME = AppIcon;
				INFOPLIST_FILE = FoodTracker/Info.plist;
				LD_RUNPATH_SEARCH_PATHS = "$(inherited) @executable_path/Frameworks";
				PRODUCT_BUNDLE_IDENTIFIER = com.chaostrend.FoodTracker;
				PRODUCT_NAME = "$(TARGET_NAME)";
				SWIFT_VERSION = 3.0;
			};
			name = Release;
		};
		85CCD18C1D926D8500E9DF7B /* Debug */ = {
			isa = XCBuildConfiguration;
			buildSettings = {
				ALWAYS_EMBED_SWIFT_STANDARD_LIBRARIES = YES;
				BUNDLE_LOADER = "$(TEST_HOST)";
				INFOPLIST_FILE = FoodTrackerTests/Info.plist;
				LD_RUNPATH_SEARCH_PATHS = "$(inherited) @executable_path/Frameworks @loader_path/Frameworks";
				PRODUCT_BUNDLE_IDENTIFIER = com.chaostrend.FoodTrackerTests;
				PRODUCT_NAME = "$(TARGET_NAME)";
				SWIFT_VERSION = 3.0;
				TEST_HOST = "$(BUILT_PRODUCTS_DIR)/FoodTracker.app/FoodTracker";
			};
			name = Debug;
		};
		85CCD18D1D926D8500E9DF7B /* Release */ = {
			isa = XCBuildConfiguration;
			buildSettings = {
				ALWAYS_EMBED_SWIFT_STANDARD_LIBRARIES = YES;
				BUNDLE_LOADER = "$(TEST_HOST)";
				INFOPLIST_FILE = FoodTrackerTests/Info.plist;
				LD_RUNPATH_SEARCH_PATHS = "$(inherited) @executable_path/Frameworks @loader_path/Frameworks";
				PRODUCT_BUNDLE_IDENTIFIER = com.chaostrend.FoodTrackerTests;
				PRODUCT_NAME = "$(TARGET_NAME)";
				SWIFT_VERSION = 3.0;
				TEST_HOST = "$(BUILT_PRODUCTS_DIR)/FoodTracker.app/FoodTracker";
			};
			name = Release;
		};
		85CCD18F1D926D8500E9DF7B /* Debug */ = {
			isa = XCBuildConfiguration;
			buildSettings = {
				ALWAYS_EMBED_SWIFT_STANDARD_LIBRARIES = YES;
				INFOPLIST_FILE = FoodTrackerUITests/Info.plist;
				LD_RUNPATH_SEARCH_PATHS = "$(inherited) @executable_path/Frameworks @loader_path/Frameworks";
				PRODUCT_BUNDLE_IDENTIFIER = com.chaostrend.FoodTrackerUITests;
				PRODUCT_NAME = "$(TARGET_NAME)";
				SWIFT_VERSION = 3.0;
				TEST_TARGET_NAME = FoodTracker;
			};
			name = Debug;
		};
		85CCD1901D926D8500E9DF7B /* Release */ = {
			isa = XCBuildConfiguration;
			buildSettings = {
				ALWAYS_EMBED_SWIFT_STANDARD_LIBRARIES = YES;
				INFOPLIST_FILE = FoodTrackerUITests/Info.plist;
				LD_RUNPATH_SEARCH_PATHS = "$(inherited) @executable_path/Frameworks @loader_path/Frameworks";
				PRODUCT_BUNDLE_IDENTIFIER = com.chaostrend.FoodTrackerUITests;
				PRODUCT_NAME = "$(TARGET_NAME)";
				SWIFT_VERSION = 3.0;
				TEST_TARGET_NAME = FoodTracker;
			};
			name = Release;
		};
/* End XCBuildConfiguration section */

/* Begin XCConfigurationList section */
		85CCD15B1D926D8300E9DF7B /* Build configuration list for PBXProject "FoodTracker" */ = {
			isa = XCConfigurationList;
			buildConfigurations = (
				85CCD1861D926D8500E9DF7B /* Debug */,
				85CCD1871D926D8500E9DF7B /* Release */,
			);
			defaultConfigurationIsVisible = 0;
			defaultConfigurationName = Release;
		};
		85CCD1881D926D8500E9DF7B /* Build configuration list for PBXNativeTarget "FoodTracker" */ = {
			isa = XCConfigurationList;
			buildConfigurations = (
				85CCD1891D926D8500E9DF7B /* Debug */,
				85CCD18A1D926D8500E9DF7B /* Release */,
			);
			defaultConfigurationIsVisible = 0;
		};
		85CCD18B1D926D8500E9DF7B /* Build configuration list for PBXNativeTarget "FoodTrackerTests" */ = {
			isa = XCConfigurationList;
			buildConfigurations = (
				85CCD18C1D926D8500E9DF7B /* Debug */,
				85CCD18D1D926D8500E9DF7B /* Release */,
			);
			defaultConfigurationIsVisible = 0;
		};
		85CCD18E1D926D8500E9DF7B /* Build configuration list for PBXNativeTarget "FoodTrackerUITests" */ = {
			isa = XCConfigurationList;
			buildConfigurations = (
				85CCD18F1D926D8500E9DF7B /* Debug */,
				85CCD1901D926D8500E9DF7B /* Release */,
			);
			defaultConfigurationIsVisible = 0;
		};
/* End XCConfigurationList section */
	};
	rootObject = 85CCD1581D926D8300E9DF7B /* Project object */;
}
